
Microsoft Visual Studio Solution File, Format Version 12.00
# Visual Studio Version 16
VisualStudioVersion = 16.0.30204.135
MinimumVisualStudioVersion = 10.0.40219.1
Project("{FAE04EC0-301F-11D3-BF4B-00C04F79EFBC}") = "BlackJack", "BlackJack\BlackJack.csproj", "{59EF3A5E-3FA8-4149-A198-DD9D43D54DE6}"
EndProject
Project("{2150E333-8FDC-42A3-9474-1A3956D46DE8}") = "Solution Items", "Solution Items", "{449F407F-CE5D-4696-9B02-5D043BCBAC3D}"
	ProjectSection(SolutionItems) = preProject
		ReadMe.txt = ReadMe.txt
	EndProjectSection
EndProject
Global
	GlobalSection(SolutionConfigurationPlatforms) = preSolution
		Debug|Any CPU = Debug|Any CPU
		Release|Any CPU = Release|Any CPU
	EndGlobalSection
	GlobalSection(ProjectConfigurationPlatforms) = postSolution
		{59EF3A5E-3FA8-4149-A198-DD9D43D54DE6}.Debug|Any CPU.ActiveCfg = Debug|Any CPU
		{59EF3A5E-3FA8-4149-A198-DD9D43D54DE6}.Debug|Any CPU.Build.0 = Debug|Any CPU
		{59EF3A5E-3FA8-4149-A198-DD9D43D54DE6}.Release|Any CPU.ActiveCfg = Release|Any CPU
		{59EF3A5E-3FA8-4149-A198-DD9D43D54DE6}.Release|Any CPU.Build.0 = Release|Any CPU
	EndGlobalSection
	GlobalSection(SolutionProperties) = preSolution
		HideSolutionNode = FALSE
	EndGlobalSection
	GlobalSection(ExtensibilityGlobals) = postSolution
		SolutionGuid = {33BC03D7-97CA-4FAA-877B-F5DDA74CA65A}
	EndGlobalSection
EndGlobal
